# This file is automatically @generated by Cargo.
# It is not intended for manual editing.
version = 4

[[package]]
name = "stratum-cli"
version = "0.1.0"
dependencies = [
 "stratum-fetch",
 "stratum-layer",
 "stratum-pin",
 "stratum-switch",
]

[[package]]
name = "stratum-fetch"
version = "0.1.0"
dependencies = [
 "stratum-layer",
]

[[package]]
name = "stratum-layer"
version = "0.1.0"

[[package]]
name = "stratum-pin"
version = "0.1.0"

[[package]]
name = "stratum-switch"
version = "0.1.0"
dependencies = [
 "stratum-layer",
 "stratum-pin",
]
